{
	"name": "strands-php-client",
	"lockfileVersion": 3,
	"requires": true,
	"packages": {
		"": {
			"devDependencies": {
				"@blundergoat/goat-flow": "^1.13.0"
			}
		},
		"node_modules/@blundergoat/goat-flow": {
			"version": "1.13.0",
			"resolved": "https://registry.npmjs.org/@blundergoat/goat-flow/-/goat-flow-1.13.0.tgz",
			"integrity": "sha512-0538T5V4XMom3BqHiUxTjIeiULKzn8x2o8SrRh/Ttj/uUt9q4Cz27FMJ3TjJLWyWzBdVfAjbUoa/24zKvU8zqQ==",
			"dev": true,
			"license": "MIT",
			"dependencies": {
				"js-yaml": "^4.1.0",
				"ws": "^8.20.1"
			},
			"bin": {
				"goat-flow": "dist/cli/cli.js"
			},
			"engines": {
				"node": ">=20.11.0"
			},
			"optionalDependencies": {
				"node-pty": "1.1.0"
			}
		},
		"node_modules/argparse": {
			"version": "2.0.1",
			"resolved": "https://registry.npmjs.org/argparse/-/argparse-2.0.1.tgz",
			"integrity": "sha512-8+9WqebbFzpX9OR+Wa6O29asIogeRMzcGtAINdpMHHyAg10f05aSFVBbcEqGf/PXw1EjAZ+q2/bEBg3DvurK3Q==",
			"dev": true,
			"license": "Python-2.0"
		},
		"node_modules/js-yaml": {
			"version": "4.3.0",
			"resolved": "https://registry.npmjs.org/js-yaml/-/js-yaml-4.3.0.tgz",
			"integrity": "sha512-1td788aAnnZ5qs7V2QIRl1owjtYpbKt749Y3xauqQgwIIGF/xXWz1wMTEBx5O3LK3lXLVuqXPdPxj2BoFHaW9Q==",
			"dev": true,
			"funding": [
				{
					"type": "github",
					"url": "https://github.com/sponsors/puzrin"
				},
				{
					"type": "github",
					"url": "https://github.com/sponsors/nodeca"
				}
			],
			"license": "MIT",
			"dependencies": {
				"argparse": "^2.0.1"
			},
			"bin": {
				"js-yaml": "bin/js-yaml.js"
			}
		},
		"node_modules/node-addon-api": {
			"version": "7.1.1",
			"resolved": "https://registry.npmjs.org/node-addon-api/-/node-addon-api-7.1.1.tgz",
			"integrity": "sha512-5m3bsyrjFWE1xf7nz7YXdN4udnVtXK6/Yfgn5qnahL6bCkf2yKt4k3nuTKAtT4r3IG8JNR2ncsIMdZuAzJjHQQ==",
			"dev": true,
			"license": "MIT",
			"optional": true
		},
		"node_modules/node-pty": {
			"version": "1.1.0",
			"resolved": "https://registry.npmjs.org/node-pty/-/node-pty-1.1.0.tgz",
			"integrity": "sha512-20JqtutY6JPXTUnL0ij1uad7Qe1baT46lyolh2sSENDd4sTzKZ4nmAFkeAARDKwmlLjPx6XKRlwRUxwjOy+lUg==",
			"dev": true,
			"hasInstallScript": true,
			"license": "MIT",
			"optional": true,
			"dependencies": {
				"node-addon-api": "^7.1.0"
			}
		},
		"node_modules/ws": {
			"version": "8.21.0",
			"resolved": "https://registry.npmjs.org/ws/-/ws-8.21.0.tgz",
			"integrity": "sha512-Vsp28b7DRcimFQvrqu2Wek3z1iYxDCWqHYB8Qsnk/S4RfaCQzPGPyBNuVjJV3cd6UiKtUtp6sNM77gWvzcCH+g==",
			"dev": true,
			"license": "MIT",
			"engines": {
				"node": ">=10.0.0"
			},
			"peerDependencies": {
				"bufferutil": "^4.0.1",
				"utf-8-validate": ">=5.0.2"
			},
			"peerDependenciesMeta": {
				"bufferutil": {
					"optional": true
				},
				"utf-8-validate": {
					"optional": true
				}
			}
		}
	}
}
