lockfileVersion: '9.0'

settings:
  autoInstallPeers: true
  excludeLinksFromLockfile: false

importers:

  .:
    devDependencies:
      '@blundergoat/goat-flow':
        specifier: ^1.5.0
        version: 1.5.0

packages:

  '@blundergoat/goat-flow@1.5.0':
    resolution: {integrity: sha512-Q+J3PAEiNFtK3PtT0KJMNSVh+Qmxa701liirBCAOIrgqmH/u+G0zaZAGrWJtrsrAon3+DF+bjXPT4Rf6mW5rhg==}
    engines: {node: '>=20.11.0'}
    hasBin: true

  argparse@2.0.1:
    resolution: {integrity: sha512-8+9WqebbFzpX9OR+Wa6O29asIogeRMzcGtAINdpMHHyAg10f05aSFVBbcEqGf/PXw1EjAZ+q2/bEBg3DvurK3Q==}

  js-yaml@4.1.1:
    resolution: {integrity: sha512-qQKT4zQxXl8lLwBtHMWwaTcGfFOZviOJet3Oy/xmGk2gZH677CJM9EvtfdSkgWcATZhj/55JZ0rmy3myCT5lsA==}
    hasBin: true

  node-addon-api@7.1.1:
    resolution: {integrity: sha512-5m3bsyrjFWE1xf7nz7YXdN4udnVtXK6/Yfgn5qnahL6bCkf2yKt4k3nuTKAtT4r3IG8JNR2ncsIMdZuAzJjHQQ==}

  node-pty@1.1.0:
    resolution: {integrity: sha512-20JqtutY6JPXTUnL0ij1uad7Qe1baT46lyolh2sSENDd4sTzKZ4nmAFkeAARDKwmlLjPx6XKRlwRUxwjOy+lUg==}

  ws@8.20.0:
    resolution: {integrity: sha512-sAt8BhgNbzCtgGbt2OxmpuryO63ZoDk/sqaB/znQm94T4fCEsy/yV+7CdC1kJhOU9lboAEU7R3kquuycDoibVA==}
    engines: {node: '>=10.0.0'}
    peerDependencies:
      bufferutil: ^4.0.1
      utf-8-validate: '>=5.0.2'
    peerDependenciesMeta:
      bufferutil:
        optional: true
      utf-8-validate:
        optional: true

snapshots:

  '@blundergoat/goat-flow@1.5.0':
    dependencies:
      js-yaml: 4.1.1
      ws: 8.20.0
    optionalDependencies:
      node-pty: 1.1.0
    transitivePeerDependencies:
      - bufferutil
      - utf-8-validate

  argparse@2.0.1: {}

  js-yaml@4.1.1:
    dependencies:
      argparse: 2.0.1

  node-addon-api@7.1.1:
    optional: true

  node-pty@1.1.0:
    dependencies:
      node-addon-api: 7.1.1
    optional: true

  ws@8.20.0: {}
